
Microsoft Visual Studio Solution File, Format Version 12.00
# Visual Studio Version 17
VisualStudioVersion = 17.11.35208.52
MinimumVisualStudioVersion = 10.0.40219.1
Project("{FAE04EC0-301F-11D3-BF4B-00C04F79EFBC}") = "Practico4", "Practico4\Practico4.csproj", "{BF480765-6063-4FE9-AED7-467A90D09A6F}"
EndProject
Global
	GlobalSection(SolutionConfigurationPlatforms) = preSolution
		Debug|Any CPU = Debug|Any CPU
		Release|Any CPU = Release|Any CPU
	EndGlobalSection
	GlobalSection(ProjectConfigurationPlatforms) = postSolution
		{BF480765-6063-4FE9-AED7-467A90D09A6F}.Debug|Any CPU.ActiveCfg = Debug|Any CPU
		{BF480765-6063-4FE9-AED7-467A90D09A6F}.Debug|Any CPU.Build.0 = Debug|Any CPU
		{BF480765-6063-4FE9-AED7-467A90D09A6F}.Release|Any CPU.ActiveCfg = Release|Any CPU
		{BF480765-6063-4FE9-AED7-467A90D09A6F}.Release|Any CPU.Build.0 = Release|Any CPU
	EndGlobalSection
	GlobalSection(SolutionProperties) = preSolution
		HideSolutionNode = FALSE
	EndGlobalSection
	GlobalSection(ExtensibilityGlobals) = postSolution
		SolutionGuid = {A9331A6C-E325-4A97-980C-E792DE00FF3F}
	EndGlobalSection
EndGlobal
